
Microsoft Visual Studio Solution File, Format Version 12.00
# Visual Studio 2013
VisualStudioVersion = 12.0.31101.0
MinimumVisualStudioVersion = 10.0.40219.1
Project("{FAE04EC0-301F-11D3-BF4B-00C04F79EFBC}") = "MoneyExtractor.UI", "MoneyExtractor.UI\MoneyExtractor.UI.csproj", "{9494E7B0-63DF-4E4F-8E1C-EECF3AC79314}"
EndProject
Project("{FAE04EC0-301F-11D3-BF4B-00C04F79EFBC}") = "MoneyExtractor.Core", "MoneyExtractor.Core\MoneyExtractor.Core.csproj", "{361E1780-EA1F-4616-B305-BD902159FF4C}"
EndProject
Project("{FAE04EC0-301F-11D3-BF4B-00C04F79EFBC}") = "MoneyExtractor.Test", "MoneyExtractor.Test\MoneyExtractor.Test.csproj", "{A9BCCD50-4E05-4B51-B168-87F68D24EE29}"
EndProject
Global
	GlobalSection(SolutionConfigurationPlatforms) = preSolution
		Debug|Any CPU = Debug|Any CPU
		Release|Any CPU = Release|Any CPU
	EndGlobalSection
	GlobalSection(ProjectConfigurationPlatforms) = postSolution
		{9494E7B0-63DF-4E4F-8E1C-EECF3AC79314}.Debug|Any CPU.ActiveCfg = Debug|Any CPU
		{9494E7B0-63DF-4E4F-8E1C-EECF3AC79314}.Debug|Any CPU.Build.0 = Debug|Any CPU
		{9494E7B0-63DF-4E4F-8E1C-EECF3AC79314}.Release|Any CPU.ActiveCfg = Release|Any CPU
		{9494E7B0-63DF-4E4F-8E1C-EECF3AC79314}.Release|Any CPU.Build.0 = Release|Any CPU
		{361E1780-EA1F-4616-B305-BD902159FF4C}.Debug|Any CPU.ActiveCfg = Debug|Any CPU
		{361E1780-EA1F-4616-B305-BD902159FF4C}.Debug|Any CPU.Build.0 = Debug|Any CPU
		{361E1780-EA1F-4616-B305-BD902159FF4C}.Release|Any CPU.ActiveCfg = Release|Any CPU
		{361E1780-EA1F-4616-B305-BD902159FF4C}.Release|Any CPU.Build.0 = Release|Any CPU
		{A9BCCD50-4E05-4B51-B168-87F68D24EE29}.Debug|Any CPU.ActiveCfg = Debug|Any CPU
		{A9BCCD50-4E05-4B51-B168-87F68D24EE29}.Debug|Any CPU.Build.0 = Debug|Any CPU
		{A9BCCD50-4E05-4B51-B168-87F68D24EE29}.Release|Any CPU.ActiveCfg = Release|Any CPU
		{A9BCCD50-4E05-4B51-B168-87F68D24EE29}.Release|Any CPU.Build.0 = Release|Any CPU
	EndGlobalSection
	GlobalSection(SolutionProperties) = preSolution
		HideSolutionNode = FALSE
	EndGlobalSection
EndGlobal
